
Microsoft Visual Studio Solution File, Format Version 12.00
# Visual Studio Version 17
VisualStudioVersion = 17.8.34330.188
MinimumVisualStudioVersion = 10.0.40219.1
Project("{FAE04EC0-301F-11D3-BF4B-00C04F79EFBC}") = "ProyectoIT", "ProyectoIT.csproj", "{66A2CC44-1FF1-4C22-859C-98BF6FBB79A6}"
EndProject
Project("{FAE04EC0-301F-11D3-BF4B-00C04F79EFBC}") = "Model", "..\Model\Model.csproj", "{4D3A973B-2EBB-4AC1-A098-DEE3B2A429D5}"
EndProject
Project("{FAE04EC0-301F-11D3-BF4B-00C04F79EFBC}") = "Repositorio", "..\Repositorio\Repositorio.csproj", "{7252A4B3-8917-49C9-8F59-E57867B7FC62}"
EndProject
Global
	GlobalSection(SolutionConfigurationPlatforms) = preSolution
		Debug|Any CPU = Debug|Any CPU
		Release|Any CPU = Release|Any CPU
	EndGlobalSection
	GlobalSection(ProjectConfigurationPlatforms) = postSolution
		{66A2CC44-1FF1-4C22-859C-98BF6FBB79A6}.Debug|Any CPU.ActiveCfg = Debug|Any CPU
		{66A2CC44-1FF1-4C22-859C-98BF6FBB79A6}.Debug|Any CPU.Build.0 = Debug|Any CPU
		{66A2CC44-1FF1-4C22-859C-98BF6FBB79A6}.Release|Any CPU.ActiveCfg = Release|Any CPU
		{66A2CC44-1FF1-4C22-859C-98BF6FBB79A6}.Release|Any CPU.Build.0 = Release|Any CPU
		{4D3A973B-2EBB-4AC1-A098-DEE3B2A429D5}.Debug|Any CPU.ActiveCfg = Debug|Any CPU
		{4D3A973B-2EBB-4AC1-A098-DEE3B2A429D5}.Debug|Any CPU.Build.0 = Debug|Any CPU
		{4D3A973B-2EBB-4AC1-A098-DEE3B2A429D5}.Release|Any CPU.ActiveCfg = Release|Any CPU
		{4D3A973B-2EBB-4AC1-A098-DEE3B2A429D5}.Release|Any CPU.Build.0 = Release|Any CPU
		{7252A4B3-8917-49C9-8F59-E57867B7FC62}.Debug|Any CPU.ActiveCfg = Debug|Any CPU
		{7252A4B3-8917-49C9-8F59-E57867B7FC62}.Debug|Any CPU.Build.0 = Debug|Any CPU
		{7252A4B3-8917-49C9-8F59-E57867B7FC62}.Release|Any CPU.ActiveCfg = Release|Any CPU
		{7252A4B3-8917-49C9-8F59-E57867B7FC62}.Release|Any CPU.Build.0 = Release|Any CPU
	EndGlobalSection
	GlobalSection(SolutionProperties) = preSolution
		HideSolutionNode = FALSE
	EndGlobalSection
	GlobalSection(ExtensibilityGlobals) = postSolution
		SolutionGuid = {6BCEECEF-A1D2-4A99-8513-48B01FC2E380}
	EndGlobalSection
EndGlobal
